
Microsoft Visual Studio Solution File, Format Version 12.00
# Visual Studio Version 17
VisualStudioVersion = 17.9.34714.143
MinimumVisualStudioVersion = 10.0.40219.1
Project("{FAE04EC0-301F-11D3-BF4B-00C04F79EFBC}") = "GameWorld1", "GameWorld1\GameWorld1.csproj", "{AC2C1486-A8FF-4491-A633-CF20D03D5491}"
EndProject
Global
	GlobalSection(SolutionConfigurationPlatforms) = preSolution
		Debug|Any CPU = Debug|Any CPU
		Release|Any CPU = Release|Any CPU
	EndGlobalSection
	GlobalSection(ProjectConfigurationPlatforms) = postSolution
		{AC2C1486-A8FF-4491-A633-CF20D03D5491}.Debug|Any CPU.ActiveCfg = Debug|Any CPU
		{AC2C1486-A8FF-4491-A633-CF20D03D5491}.Debug|Any CPU.Build.0 = Debug|Any CPU
		{AC2C1486-A8FF-4491-A633-CF20D03D5491}.Release|Any CPU.ActiveCfg = Release|Any CPU
		{AC2C1486-A8FF-4491-A633-CF20D03D5491}.Release|Any CPU.Build.0 = Release|Any CPU
	EndGlobalSection
	GlobalSection(SolutionProperties) = preSolution
		HideSolutionNode = FALSE
	EndGlobalSection
	GlobalSection(ExtensibilityGlobals) = postSolution
		SolutionGuid = {DD74461B-35AC-4C05-AB56-8C31F65B673B}
	EndGlobalSection
EndGlobal
